
Microsoft Visual Studio Solution File, Format Version 12.00
# Visual Studio Version 16
VisualStudioVersion = 16.0.30804.86
MinimumVisualStudioVersion = 10.0.40219.1
Project("{9A19103F-16F7-4668-BE54-9A1E7A4F7556}") = "Novir.Ecommerce.App", "Novir.Ecommerce.App\Novir.Ecommerce.App.csproj", "{41E00800-A91D-4F8E-B73C-D435F9C40AD0}"
EndProject
Project("{9A19103F-16F7-4668-BE54-9A1E7A4F7556}") = "Novir.Ecommerce.Core", "Novir.Ecommerce.Core\Novir.Ecommerce.Core.csproj", "{82704565-F407-4FD3-A9D8-D5D42086F597}"
EndProject
Project("{9A19103F-16F7-4668-BE54-9A1E7A4F7556}") = "Novir.Ecommerce.Data", "Novir.Ecommerce.Data\Novir.Ecommerce.Data.csproj", "{8AD9A5DC-D8DA-4134-B3F9-0D49962DC31F}"
EndProject
Global
	GlobalSection(SolutionConfigurationPlatforms) = preSolution
		Debug|Any CPU = Debug|Any CPU
		Release|Any CPU = Release|Any CPU
	EndGlobalSection
	GlobalSection(ProjectConfigurationPlatforms) = postSolution
		{41E00800-A91D-4F8E-B73C-D435F9C40AD0}.Debug|Any CPU.ActiveCfg = Debug|Any CPU
		{41E00800-A91D-4F8E-B73C-D435F9C40AD0}.Debug|Any CPU.Build.0 = Debug|Any CPU
		{41E00800-A91D-4F8E-B73C-D435F9C40AD0}.Release|Any CPU.ActiveCfg = Release|Any CPU
		{41E00800-A91D-4F8E-B73C-D435F9C40AD0}.Release|Any CPU.Build.0 = Release|Any CPU
		{82704565-F407-4FD3-A9D8-D5D42086F597}.Debug|Any CPU.ActiveCfg = Debug|Any CPU
		{82704565-F407-4FD3-A9D8-D5D42086F597}.Debug|Any CPU.Build.0 = Debug|Any CPU
		{82704565-F407-4FD3-A9D8-D5D42086F597}.Release|Any CPU.ActiveCfg = Release|Any CPU
		{82704565-F407-4FD3-A9D8-D5D42086F597}.Release|Any CPU.Build.0 = Release|Any CPU
		{8AD9A5DC-D8DA-4134-B3F9-0D49962DC31F}.Debug|Any CPU.ActiveCfg = Debug|Any CPU
		{8AD9A5DC-D8DA-4134-B3F9-0D49962DC31F}.Debug|Any CPU.Build.0 = Debug|Any CPU
		{8AD9A5DC-D8DA-4134-B3F9-0D49962DC31F}.Release|Any CPU.ActiveCfg = Release|Any CPU
		{8AD9A5DC-D8DA-4134-B3F9-0D49962DC31F}.Release|Any CPU.Build.0 = Release|Any CPU
	EndGlobalSection
	GlobalSection(SolutionProperties) = preSolution
		HideSolutionNode = FALSE
	EndGlobalSection
	GlobalSection(ExtensibilityGlobals) = postSolution
		SolutionGuid = {4309009E-B432-42C5-883F-0A3C310D4F4B}
	EndGlobalSection
EndGlobal
